
Microsoft Visual Studio Solution File, Format Version 12.00
# Visual Studio Version 17
VisualStudioVersion = 17.4.33122.133
MinimumVisualStudioVersion = 10.0.40219.1
Project("{FAE04EC0-301F-11D3-BF4B-00C04F79EFBC}") = "L11", "L11\L11.csproj", "{CDB86961-9FE6-4CDA-A515-81A877A3920C}"
EndProject
Global
	GlobalSection(SolutionConfigurationPlatforms) = preSolution
		Debug|Any CPU = Debug|Any CPU
		Release|Any CPU = Release|Any CPU
	EndGlobalSection
	GlobalSection(ProjectConfigurationPlatforms) = postSolution
		{CDB86961-9FE6-4CDA-A515-81A877A3920C}.Debug|Any CPU.ActiveCfg = Debug|Any CPU
		{CDB86961-9FE6-4CDA-A515-81A877A3920C}.Debug|Any CPU.Build.0 = Debug|Any CPU
		{CDB86961-9FE6-4CDA-A515-81A877A3920C}.Release|Any CPU.ActiveCfg = Release|Any CPU
		{CDB86961-9FE6-4CDA-A515-81A877A3920C}.Release|Any CPU.Build.0 = Release|Any CPU
	EndGlobalSection
	GlobalSection(SolutionProperties) = preSolution
		HideSolutionNode = FALSE
	EndGlobalSection
	GlobalSection(ExtensibilityGlobals) = postSolution
		SolutionGuid = {D9338626-3CFA-4BDA-B41E-5E71600AB887}
	EndGlobalSection
EndGlobal
